
Microsoft Visual Studio Solution File, Format Version 12.00
# Visual Studio 15
VisualStudioVersion = 15.0.26014.0
MinimumVisualStudioVersion = 10.0.40219.1
Project("{FAE04EC0-301F-11D3-BF4B-00C04F79EFBC}") = "Coet.LogSDK.netcore", "Coet.LogSDK.netcore\Coet.LogSDK.netcore.csproj", "{234193E0-7748-4749-ADE0-A2027A969E67}"
EndProject
Project("{FAE04EC0-301F-11D3-BF4B-00C04F79EFBC}") = "Coet.LogSDK.net45", "Coet.LogSDK.net45\Coet.LogSDK.net45.csproj", "{620229D4-E214-4FCE-BAE0-2DDD223FDC47}"
EndProject
Project("{FAE04EC0-301F-11D3-BF4B-00C04F79EFBC}") = "Coet.AnalyseSDK.netcore", "Coet.AnalyseSDK.netcore\Coet.AnalyseSDK.netcore.csproj", "{1607315B-93AD-49C1-A42D-C2E1AFD6C5B3}"
EndProject
Project("{FAE04EC0-301F-11D3-BF4B-00C04F79EFBC}") = "Coet.AnalyseSDK.net45", "Coet.AnalyseSDK.net45\Coet.AnalyseSDK.net45.csproj", "{7DB51C5C-EBDF-4237-BF18-3A95E5945C19}"
EndProject
Project("{FAE04EC0-301F-11D3-BF4B-00C04F79EFBC}") = "Coet.GrpcProto.net45", "Cote.GrpcProto.net45\Coet.GrpcProto.net45.csproj", "{DBB5235B-81A9-4FA6-B840-71510D6AEF84}"
EndProject
Project("{9A19103F-16F7-4668-BE54-9A1E7A4F7556}") = "Coet.GrpcProto.netcore", "Coet.GrpcProto.netcore\Coet.GrpcProto.netcore.csproj", "{FF91BE80-0850-406F-92D8-CDC3EAE5ADD9}"
EndProject
Project("{9A19103F-16F7-4668-BE54-9A1E7A4F7556}") = "Coet.Server", "Coet.Server\Coet.Server.csproj", "{A9B828B7-5A57-4647-A3B0-DF5623138A11}"
EndProject
Global
	GlobalSection(SolutionConfigurationPlatforms) = preSolution
		Debug|Any CPU = Debug|Any CPU
		Debug|x64 = Debug|x64
		Debug|x86 = Debug|x86
		Release|Any CPU = Release|Any CPU
		Release|x64 = Release|x64
		Release|x86 = Release|x86
	EndGlobalSection
	GlobalSection(ProjectConfigurationPlatforms) = postSolution
		{234193E0-7748-4749-ADE0-A2027A969E67}.Debug|Any CPU.ActiveCfg = Debug|Any CPU
		{234193E0-7748-4749-ADE0-A2027A969E67}.Debug|Any CPU.Build.0 = Debug|Any CPU
		{234193E0-7748-4749-ADE0-A2027A969E67}.Debug|x64.ActiveCfg = Debug|x64
		{234193E0-7748-4749-ADE0-A2027A969E67}.Debug|x64.Build.0 = Debug|x64
		{234193E0-7748-4749-ADE0-A2027A969E67}.Debug|x86.ActiveCfg = Debug|x86
		{234193E0-7748-4749-ADE0-A2027A969E67}.Debug|x86.Build.0 = Debug|x86
		{234193E0-7748-4749-ADE0-A2027A969E67}.Release|Any CPU.ActiveCfg = Release|Any CPU
		{234193E0-7748-4749-ADE0-A2027A969E67}.Release|Any CPU.Build.0 = Release|Any CPU
		{234193E0-7748-4749-ADE0-A2027A969E67}.Release|x64.ActiveCfg = Release|x64
		{234193E0-7748-4749-ADE0-A2027A969E67}.Release|x64.Build.0 = Release|x64
		{234193E0-7748-4749-ADE0-A2027A969E67}.Release|x86.ActiveCfg = Release|x86
		{234193E0-7748-4749-ADE0-A2027A969E67}.Release|x86.Build.0 = Release|x86
		{620229D4-E214-4FCE-BAE0-2DDD223FDC47}.Debug|Any CPU.ActiveCfg = Debug|Any CPU
		{620229D4-E214-4FCE-BAE0-2DDD223FDC47}.Debug|Any CPU.Build.0 = Debug|Any CPU
		{620229D4-E214-4FCE-BAE0-2DDD223FDC47}.Debug|x64.ActiveCfg = Debug|Any CPU
		{620229D4-E214-4FCE-BAE0-2DDD223FDC47}.Debug|x64.Build.0 = Debug|Any CPU
		{620229D4-E214-4FCE-BAE0-2DDD223FDC47}.Debug|x86.ActiveCfg = Debug|Any CPU
		{620229D4-E214-4FCE-BAE0-2DDD223FDC47}.Debug|x86.Build.0 = Debug|Any CPU
		{620229D4-E214-4FCE-BAE0-2DDD223FDC47}.Release|Any CPU.ActiveCfg = Release|Any CPU
		{620229D4-E214-4FCE-BAE0-2DDD223FDC47}.Release|Any CPU.Build.0 = Release|Any CPU
		{620229D4-E214-4FCE-BAE0-2DDD223FDC47}.Release|x64.ActiveCfg = Release|Any CPU
		{620229D4-E214-4FCE-BAE0-2DDD223FDC47}.Release|x64.Build.0 = Release|Any CPU
		{620229D4-E214-4FCE-BAE0-2DDD223FDC47}.Release|x86.ActiveCfg = Release|Any CPU
		{620229D4-E214-4FCE-BAE0-2DDD223FDC47}.Release|x86.Build.0 = Release|Any CPU
		{1607315B-93AD-49C1-A42D-C2E1AFD6C5B3}.Debug|Any CPU.ActiveCfg = Debug|Any CPU
		{1607315B-93AD-49C1-A42D-C2E1AFD6C5B3}.Debug|Any CPU.Build.0 = Debug|Any CPU
		{1607315B-93AD-49C1-A42D-C2E1AFD6C5B3}.Debug|x64.ActiveCfg = Debug|x64
		{1607315B-93AD-49C1-A42D-C2E1AFD6C5B3}.Debug|x64.Build.0 = Debug|x64
		{1607315B-93AD-49C1-A42D-C2E1AFD6C5B3}.Debug|x86.ActiveCfg = Debug|x86
		{1607315B-93AD-49C1-A42D-C2E1AFD6C5B3}.Debug|x86.Build.0 = Debug|x86
		{1607315B-93AD-49C1-A42D-C2E1AFD6C5B3}.Release|Any CPU.ActiveCfg = Release|Any CPU
		{1607315B-93AD-49C1-A42D-C2E1AFD6C5B3}.Release|Any CPU.Build.0 = Release|Any CPU
		{1607315B-93AD-49C1-A42D-C2E1AFD6C5B3}.Release|x64.ActiveCfg = Release|x64
		{1607315B-93AD-49C1-A42D-C2E1AFD6C5B3}.Release|x64.Build.0 = Release|x64
		{1607315B-93AD-49C1-A42D-C2E1AFD6C5B3}.Release|x86.ActiveCfg = Release|x86
		{1607315B-93AD-49C1-A42D-C2E1AFD6C5B3}.Release|x86.Build.0 = Release|x86
		{7DB51C5C-EBDF-4237-BF18-3A95E5945C19}.Debug|Any CPU.ActiveCfg = Debug|Any CPU
		{7DB51C5C-EBDF-4237-BF18-3A95E5945C19}.Debug|Any CPU.Build.0 = Debug|Any CPU
		{7DB51C5C-EBDF-4237-BF18-3A95E5945C19}.Debug|x64.ActiveCfg = Debug|Any CPU
		{7DB51C5C-EBDF-4237-BF18-3A95E5945C19}.Debug|x64.Build.0 = Debug|Any CPU
		{7DB51C5C-EBDF-4237-BF18-3A95E5945C19}.Debug|x86.ActiveCfg = Debug|Any CPU
		{7DB51C5C-EBDF-4237-BF18-3A95E5945C19}.Debug|x86.Build.0 = Debug|Any CPU
		{7DB51C5C-EBDF-4237-BF18-3A95E5945C19}.Release|Any CPU.ActiveCfg = Release|Any CPU
		{7DB51C5C-EBDF-4237-BF18-3A95E5945C19}.Release|Any CPU.Build.0 = Release|Any CPU
		{7DB51C5C-EBDF-4237-BF18-3A95E5945C19}.Release|Any CPU.Deploy.0 = Release|Any CPU
		{7DB51C5C-EBDF-4237-BF18-3A95E5945C19}.Release|x64.ActiveCfg = Release|Any CPU
		{7DB51C5C-EBDF-4237-BF18-3A95E5945C19}.Release|x64.Build.0 = Release|Any CPU
		{7DB51C5C-EBDF-4237-BF18-3A95E5945C19}.Release|x86.ActiveCfg = Release|Any CPU
		{7DB51C5C-EBDF-4237-BF18-3A95E5945C19}.Release|x86.Build.0 = Release|Any CPU
		{DBB5235B-81A9-4FA6-B840-71510D6AEF84}.Debug|Any CPU.ActiveCfg = Debug|Any CPU
		{DBB5235B-81A9-4FA6-B840-71510D6AEF84}.Debug|Any CPU.Build.0 = Debug|Any CPU
		{DBB5235B-81A9-4FA6-B840-71510D6AEF84}.Debug|x64.ActiveCfg = Debug|Any CPU
		{DBB5235B-81A9-4FA6-B840-71510D6AEF84}.Debug|x64.Build.0 = Debug|Any CPU
		{DBB5235B-81A9-4FA6-B840-71510D6AEF84}.Debug|x86.ActiveCfg = Debug|Any CPU
		{DBB5235B-81A9-4FA6-B840-71510D6AEF84}.Debug|x86.Build.0 = Debug|Any CPU
		{DBB5235B-81A9-4FA6-B840-71510D6AEF84}.Release|Any CPU.ActiveCfg = Release|Any CPU
		{DBB5235B-81A9-4FA6-B840-71510D6AEF84}.Release|Any CPU.Build.0 = Release|Any CPU
		{DBB5235B-81A9-4FA6-B840-71510D6AEF84}.Release|x64.ActiveCfg = Release|Any CPU
		{DBB5235B-81A9-4FA6-B840-71510D6AEF84}.Release|x64.Build.0 = Release|Any CPU
		{DBB5235B-81A9-4FA6-B840-71510D6AEF84}.Release|x86.ActiveCfg = Release|Any CPU
		{DBB5235B-81A9-4FA6-B840-71510D6AEF84}.Release|x86.Build.0 = Release|Any CPU
		{FF91BE80-0850-406F-92D8-CDC3EAE5ADD9}.Debug|Any CPU.ActiveCfg = Debug|Any CPU
		{FF91BE80-0850-406F-92D8-CDC3EAE5ADD9}.Debug|Any CPU.Build.0 = Debug|Any CPU
		{FF91BE80-0850-406F-92D8-CDC3EAE5ADD9}.Debug|x64.ActiveCfg = Debug|x64
		{FF91BE80-0850-406F-92D8-CDC3EAE5ADD9}.Debug|x64.Build.0 = Debug|x64
		{FF91BE80-0850-406F-92D8-CDC3EAE5ADD9}.Debug|x86.ActiveCfg = Debug|x86
		{FF91BE80-0850-406F-92D8-CDC3EAE5ADD9}.Debug|x86.Build.0 = Debug|x86
		{FF91BE80-0850-406F-92D8-CDC3EAE5ADD9}.Release|Any CPU.ActiveCfg = Release|Any CPU
		{FF91BE80-0850-406F-92D8-CDC3EAE5ADD9}.Release|Any CPU.Build.0 = Release|Any CPU
		{FF91BE80-0850-406F-92D8-CDC3EAE5ADD9}.Release|x64.ActiveCfg = Release|x64
		{FF91BE80-0850-406F-92D8-CDC3EAE5ADD9}.Release|x64.Build.0 = Release|x64
		{FF91BE80-0850-406F-92D8-CDC3EAE5ADD9}.Release|x86.ActiveCfg = Release|x86
		{FF91BE80-0850-406F-92D8-CDC3EAE5ADD9}.Release|x86.Build.0 = Release|x86
		{A9B828B7-5A57-4647-A3B0-DF5623138A11}.Debug|Any CPU.ActiveCfg = Debug|Any CPU
		{A9B828B7-5A57-4647-A3B0-DF5623138A11}.Debug|Any CPU.Build.0 = Debug|Any CPU
		{A9B828B7-5A57-4647-A3B0-DF5623138A11}.Debug|x64.ActiveCfg = Debug|x64
		{A9B828B7-5A57-4647-A3B0-DF5623138A11}.Debug|x64.Build.0 = Debug|x64
		{A9B828B7-5A57-4647-A3B0-DF5623138A11}.Debug|x86.ActiveCfg = Debug|x86
		{A9B828B7-5A57-4647-A3B0-DF5623138A11}.Debug|x86.Build.0 = Debug|x86
		{A9B828B7-5A57-4647-A3B0-DF5623138A11}.Release|Any CPU.ActiveCfg = Release|Any CPU
		{A9B828B7-5A57-4647-A3B0-DF5623138A11}.Release|Any CPU.Build.0 = Release|Any CPU
		{A9B828B7-5A57-4647-A3B0-DF5623138A11}.Release|x64.ActiveCfg = Release|x64
		{A9B828B7-5A57-4647-A3B0-DF5623138A11}.Release|x64.Build.0 = Release|x64
		{A9B828B7-5A57-4647-A3B0-DF5623138A11}.Release|x86.ActiveCfg = Release|x86
		{A9B828B7-5A57-4647-A3B0-DF5623138A11}.Release|x86.Build.0 = Release|x86
	EndGlobalSection
	GlobalSection(SolutionProperties) = preSolution
		HideSolutionNode = FALSE
	EndGlobalSection
EndGlobal
